
Microsoft Visual Studio Solution File, Format Version 12.00
# Visual Studio 15
VisualStudioVersion = 15.0.27130.2036
MinimumVisualStudioVersion = 10.0.40219.1
Project("{9A19103F-16F7-4668-BE54-9A1E7A4F7556}") = "AdminTools", "AdminTools\AdminTools.csproj", "{9D91216A-8C03-4380-9214-7B92CDD3514B}"
EndProject
Project("{9A19103F-16F7-4668-BE54-9A1E7A4F7556}") = "ApiGateway.API", "ApiGateway\ApiGateway.API.csproj", "{2C4A8FAE-3615-4C27-A347-250388B35EE7}"
EndProject
Project("{9A19103F-16F7-4668-BE54-9A1E7A4F7556}") = "Basket.API", "Basket.Service\Basket.API.csproj", "{076B35F6-838D-40F8-81F2-95D0DE8701FE}"
EndProject
Project("{9A19103F-16F7-4668-BE54-9A1E7A4F7556}") = "Catalog.API", "Catalog.Service\Catalog.API.csproj", "{E321B89D-7048-4880-BE1A-F49E4AABDAF8}"
EndProject
Project("{9A19103F-16F7-4668-BE54-9A1E7A4F7556}") = "EventBus", "EventBus\EventBus.csproj", "{A0F9AE2D-618F-4300-82D9-22A6B4E8879A}"
EndProject
Project("{9A19103F-16F7-4668-BE54-9A1E7A4F7556}") = "Ordering.Domain", "Ordering.Domain\Ordering.Domain.csproj", "{E87C6BC6-2D40-4822-ACEA-241A403532B2}"
EndProject
Project("{9A19103F-16F7-4668-BE54-9A1E7A4F7556}") = "Ordering.Infrastructure", "Ordering.Infrastructure\Ordering.Infrastructure.csproj", "{56B05F71-6BBA-45BB-ADDC-ED2F7513F547}"
EndProject
Project("{9A19103F-16F7-4668-BE54-9A1E7A4F7556}") = "Ordering.API", "Ordering.Service\Ordering.API.csproj", "{6416C01F-C4E9-4991-B8B5-7C6443FC3151}"
EndProject
Project("{9A19103F-16F7-4668-BE54-9A1E7A4F7556}") = "RestCommunication", "RestCommunication\RestCommunication.csproj", "{E64BA977-910F-46E6-BB68-112F1B331F82}"
EndProject
Project("{9A19103F-16F7-4668-BE54-9A1E7A4F7556}") = "ServiceDiscovery", "ServiceDiscovery\ServiceDiscovery.csproj", "{43AFC191-6680-48AB-8AF9-5A611ABB56A5}"
EndProject
Project("{9A19103F-16F7-4668-BE54-9A1E7A4F7556}") = "MusicStore", "UI\MusicStore.csproj", "{B7D28DAC-CC61-4698-BC7C-21F5C9FCD22D}"
EndProject
Project("{9A19103F-16F7-4668-BE54-9A1E7A4F7556}") = "Utilities", "Utilities\Utilities.csproj", "{40BF4928-405C-4854-99B8-EC18A71176C5}"
EndProject
Project("{151D2E53-A2C4-4D7D-83FE-D05416EBD58E}") = "WorkshopARM", "WorkshopARM\WorkshopARM.deployproj", "{1DCA0DB0-5778-4295-B385-96657DEDD5A1}"
EndProject
Project("{2150E333-8FDC-42A3-9474-1A3956D46DE8}") = "Basket", "Basket", "{55D4B628-A13C-467A-86E0-A335C02FD48F}"
EndProject
Project("{2150E333-8FDC-42A3-9474-1A3956D46DE8}") = "BuildingBlocks", "BuildingBlocks", "{4DFCD46F-531C-4AA6-BB38-961D91DBC9A1}"
EndProject
Project("{2150E333-8FDC-42A3-9474-1A3956D46DE8}") = "Catalog", "Catalog", "{93A30042-BA4F-4DDB-B8DD-E95CBD34723B}"
EndProject
Project("{2150E333-8FDC-42A3-9474-1A3956D46DE8}") = "Gateway", "Gateway", "{953546BF-A05B-4187-AD7B-27E063E9762B}"
EndProject
Project("{2150E333-8FDC-42A3-9474-1A3956D46DE8}") = "Ordering", "Ordering", "{858EEE47-5453-4A38-8546-C35BDD2CDB11}"
EndProject
Project("{2150E333-8FDC-42A3-9474-1A3956D46DE8}") = "UI", "UI", "{134EE616-B7F2-46AF-8C91-961283A072CD}"
EndProject
Global
	GlobalSection(SolutionConfigurationPlatforms) = preSolution
		Debug|Any CPU = Debug|Any CPU
		Release|Any CPU = Release|Any CPU
	EndGlobalSection
	GlobalSection(ProjectConfigurationPlatforms) = postSolution
		{9D91216A-8C03-4380-9214-7B92CDD3514B}.Debug|Any CPU.ActiveCfg = Debug|Any CPU
		{9D91216A-8C03-4380-9214-7B92CDD3514B}.Debug|Any CPU.Build.0 = Debug|Any CPU
		{9D91216A-8C03-4380-9214-7B92CDD3514B}.Release|Any CPU.ActiveCfg = Release|Any CPU
		{9D91216A-8C03-4380-9214-7B92CDD3514B}.Release|Any CPU.Build.0 = Release|Any CPU
		{2C4A8FAE-3615-4C27-A347-250388B35EE7}.Debug|Any CPU.ActiveCfg = Debug|Any CPU
		{2C4A8FAE-3615-4C27-A347-250388B35EE7}.Debug|Any CPU.Build.0 = Debug|Any CPU
		{2C4A8FAE-3615-4C27-A347-250388B35EE7}.Release|Any CPU.ActiveCfg = Release|Any CPU
		{2C4A8FAE-3615-4C27-A347-250388B35EE7}.Release|Any CPU.Build.0 = Release|Any CPU
		{076B35F6-838D-40F8-81F2-95D0DE8701FE}.Debug|Any CPU.ActiveCfg = Debug|Any CPU
		{076B35F6-838D-40F8-81F2-95D0DE8701FE}.Debug|Any CPU.Build.0 = Debug|Any CPU
		{076B35F6-838D-40F8-81F2-95D0DE8701FE}.Release|Any CPU.ActiveCfg = Release|Any CPU
		{076B35F6-838D-40F8-81F2-95D0DE8701FE}.Release|Any CPU.Build.0 = Release|Any CPU
		{E321B89D-7048-4880-BE1A-F49E4AABDAF8}.Debug|Any CPU.ActiveCfg = Debug|Any CPU
		{E321B89D-7048-4880-BE1A-F49E4AABDAF8}.Debug|Any CPU.Build.0 = Debug|Any CPU
		{E321B89D-7048-4880-BE1A-F49E4AABDAF8}.Release|Any CPU.ActiveCfg = Release|Any CPU
		{E321B89D-7048-4880-BE1A-F49E4AABDAF8}.Release|Any CPU.Build.0 = Release|Any CPU
		{A0F9AE2D-618F-4300-82D9-22A6B4E8879A}.Debug|Any CPU.ActiveCfg = Debug|Any CPU
		{A0F9AE2D-618F-4300-82D9-22A6B4E8879A}.Debug|Any CPU.Build.0 = Debug|Any CPU
		{A0F9AE2D-618F-4300-82D9-22A6B4E8879A}.Release|Any CPU.ActiveCfg = Release|Any CPU
		{A0F9AE2D-618F-4300-82D9-22A6B4E8879A}.Release|Any CPU.Build.0 = Release|Any CPU
		{E87C6BC6-2D40-4822-ACEA-241A403532B2}.Debug|Any CPU.ActiveCfg = Debug|Any CPU
		{E87C6BC6-2D40-4822-ACEA-241A403532B2}.Debug|Any CPU.Build.0 = Debug|Any CPU
		{E87C6BC6-2D40-4822-ACEA-241A403532B2}.Release|Any CPU.ActiveCfg = Release|Any CPU
		{E87C6BC6-2D40-4822-ACEA-241A403532B2}.Release|Any CPU.Build.0 = Release|Any CPU
		{56B05F71-6BBA-45BB-ADDC-ED2F7513F547}.Debug|Any CPU.ActiveCfg = Debug|Any CPU
		{56B05F71-6BBA-45BB-ADDC-ED2F7513F547}.Debug|Any CPU.Build.0 = Debug|Any CPU
		{56B05F71-6BBA-45BB-ADDC-ED2F7513F547}.Release|Any CPU.ActiveCfg = Release|Any CPU
		{56B05F71-6BBA-45BB-ADDC-ED2F7513F547}.Release|Any CPU.Build.0 = Release|Any CPU
		{6416C01F-C4E9-4991-B8B5-7C6443FC3151}.Debug|Any CPU.ActiveCfg = Debug|Any CPU
		{6416C01F-C4E9-4991-B8B5-7C6443FC3151}.Debug|Any CPU.Build.0 = Debug|Any CPU
		{6416C01F-C4E9-4991-B8B5-7C6443FC3151}.Release|Any CPU.ActiveCfg = Release|Any CPU
		{6416C01F-C4E9-4991-B8B5-7C6443FC3151}.Release|Any CPU.Build.0 = Release|Any CPU
		{E64BA977-910F-46E6-BB68-112F1B331F82}.Debug|Any CPU.ActiveCfg = Debug|Any CPU
		{E64BA977-910F-46E6-BB68-112F1B331F82}.Debug|Any CPU.Build.0 = Debug|Any CPU
		{E64BA977-910F-46E6-BB68-112F1B331F82}.Release|Any CPU.ActiveCfg = Release|Any CPU
		{E64BA977-910F-46E6-BB68-112F1B331F82}.Release|Any CPU.Build.0 = Release|Any CPU
		{43AFC191-6680-48AB-8AF9-5A611ABB56A5}.Debug|Any CPU.ActiveCfg = Debug|Any CPU
		{43AFC191-6680-48AB-8AF9-5A611ABB56A5}.Debug|Any CPU.Build.0 = Debug|Any CPU
		{43AFC191-6680-48AB-8AF9-5A611ABB56A5}.Release|Any CPU.ActiveCfg = Release|Any CPU
		{43AFC191-6680-48AB-8AF9-5A611ABB56A5}.Release|Any CPU.Build.0 = Release|Any CPU
		{B7D28DAC-CC61-4698-BC7C-21F5C9FCD22D}.Debug|Any CPU.ActiveCfg = Debug|Any CPU
		{B7D28DAC-CC61-4698-BC7C-21F5C9FCD22D}.Debug|Any CPU.Build.0 = Debug|Any CPU
		{B7D28DAC-CC61-4698-BC7C-21F5C9FCD22D}.Release|Any CPU.ActiveCfg = Release|Any CPU
		{B7D28DAC-CC61-4698-BC7C-21F5C9FCD22D}.Release|Any CPU.Build.0 = Release|Any CPU
		{40BF4928-405C-4854-99B8-EC18A71176C5}.Debug|Any CPU.ActiveCfg = Debug|Any CPU
		{40BF4928-405C-4854-99B8-EC18A71176C5}.Debug|Any CPU.Build.0 = Debug|Any CPU
		{40BF4928-405C-4854-99B8-EC18A71176C5}.Release|Any CPU.ActiveCfg = Release|Any CPU
		{40BF4928-405C-4854-99B8-EC18A71176C5}.Release|Any CPU.Build.0 = Release|Any CPU
		{1DCA0DB0-5778-4295-B385-96657DEDD5A1}.Debug|Any CPU.ActiveCfg = Debug|Any CPU
		{1DCA0DB0-5778-4295-B385-96657DEDD5A1}.Debug|Any CPU.Build.0 = Debug|Any CPU
		{1DCA0DB0-5778-4295-B385-96657DEDD5A1}.Release|Any CPU.ActiveCfg = Release|Any CPU
		{1DCA0DB0-5778-4295-B385-96657DEDD5A1}.Release|Any CPU.Build.0 = Release|Any CPU
	EndGlobalSection
	GlobalSection(SolutionProperties) = preSolution
		HideSolutionNode = FALSE
	EndGlobalSection
	GlobalSection(NestedProjects) = preSolution
		{9D91216A-8C03-4380-9214-7B92CDD3514B} = {4DFCD46F-531C-4AA6-BB38-961D91DBC9A1}
		{2C4A8FAE-3615-4C27-A347-250388B35EE7} = {953546BF-A05B-4187-AD7B-27E063E9762B}
		{076B35F6-838D-40F8-81F2-95D0DE8701FE} = {55D4B628-A13C-467A-86E0-A335C02FD48F}
		{E321B89D-7048-4880-BE1A-F49E4AABDAF8} = {93A30042-BA4F-4DDB-B8DD-E95CBD34723B}
		{A0F9AE2D-618F-4300-82D9-22A6B4E8879A} = {4DFCD46F-531C-4AA6-BB38-961D91DBC9A1}
		{E87C6BC6-2D40-4822-ACEA-241A403532B2} = {858EEE47-5453-4A38-8546-C35BDD2CDB11}
		{56B05F71-6BBA-45BB-ADDC-ED2F7513F547} = {858EEE47-5453-4A38-8546-C35BDD2CDB11}
		{6416C01F-C4E9-4991-B8B5-7C6443FC3151} = {858EEE47-5453-4A38-8546-C35BDD2CDB11}
		{E64BA977-910F-46E6-BB68-112F1B331F82} = {4DFCD46F-531C-4AA6-BB38-961D91DBC9A1}
		{43AFC191-6680-48AB-8AF9-5A611ABB56A5} = {4DFCD46F-531C-4AA6-BB38-961D91DBC9A1}
		{B7D28DAC-CC61-4698-BC7C-21F5C9FCD22D} = {134EE616-B7F2-46AF-8C91-961283A072CD}
		{40BF4928-405C-4854-99B8-EC18A71176C5} = {4DFCD46F-531C-4AA6-BB38-961D91DBC9A1}
		{1DCA0DB0-5778-4295-B385-96657DEDD5A1} = {4DFCD46F-531C-4AA6-BB38-961D91DBC9A1}
	EndGlobalSection
	GlobalSection(ExtensibilityGlobals) = postSolution
		SolutionGuid = {EEEBDE7C-3A79-48F7-ABDF-5434681EBE66}
	EndGlobalSection
EndGlobal
